<?xml version="1.0" encoding="UTF-8" standalone="yes" ?>
<CodeBlocks_project_file>
	<FileVersion major="1" minor="6" />
	<Project>
		<Option title="ys_proto" />
		<Option pch_mode="2" />
		<Option compiler="gcc" />
		<Build>
			<Target title="Debug">
				<Option output="bin/Debug/ys_proto" prefix_auto="1" extension_auto="1" />
				<Option object_output="obj/Debug/" />
				<Option type="1" />
				<Option compiler="gcc" />
				<Compiler>
					<Add option="-g" />
				</Compiler>
			</Target>
			<Target title="Release">
				<Option output="bin/Release/ys_proto" prefix_auto="1" extension_auto="1" />
				<Option object_output="obj/Release/" />
				<Option type="1" />
				<Option compiler="gcc" />
				<Compiler>
					<Add option="-O2" />
				</Compiler>
				<Linker>
					<Add option="-s" />
					<Add option="-lpthread" />
				</Linker>
			</Target>
		</Build>
		<Compiler>
			<Add option="-Wall" />
			<Add directory="include" />
			<Add directory="../checkpoint_check/include" />
		</Compiler>
		<Linker>
			<Add option="-lpthread" />
			<Add option="-lm" />
		</Linker>
		<Unit filename="include/apps/activity_message.h" />
		<Unit filename="include/apps/apps.h" />
		<Unit filename="include/apps/ysclient.h" />
		<Unit filename="include/debug.h" />
		<Unit filename="include/serialization/acknowledge.h" />
		<Unit filename="include/serialization/airDisplayOpt.h" />
		<Unit filename="include/serialization/airList.h" />
		<Unit filename="include/serialization/damage.h" />
		<Unit filename="include/serialization/flight.h" />
		<Unit filename="include/serialization/ground.h" />
		<Unit filename="include/serialization/header.h" />
		<Unit filename="include/serialization/includeAll.h" />
		<Unit filename="include/serialization/int.h" />
		<Unit filename="include/serialization/left.h" />
		<Unit filename="include/serialization/login.h" />
		<Unit filename="include/serialization/map.h" />
		<Unit filename="include/serialization/message.h" />
		<Unit filename="include/serialization/missileOpt.h" />
		<Unit filename="include/serialization/unpack.h" />
		<Unit filename="include/serialization/userlist.h" />
		<Unit filename="include/serialization/weather.h" />
		<Unit filename="include/sockets/linux.h" />
		<Unit filename="include/sockets/socketYS.h" />
		<Unit filename="include/sockets/windows.h" />
		<Unit filename="include/test.h" />
		<Unit filename="include/types/includeAll.h" />
		<Unit filename="include/types/stringarray.h" />
		<Unit filename="include/types/ys/airList.h" />
		<Unit filename="include/types/ys/includeAll.h" />
		<Unit filename="include/types/ys/login.h" />
		<Unit filename="include/types/ys/map.h" />
		<Unit filename="include/types/ys/missileOpt.h" />
		<Unit filename="include/types/ys/tacknowledge.h" />
		<Unit filename="include/types/ys/tairDisplayOpt.h" />
		<Unit filename="include/types/ys/tairList.h" />
		<Unit filename="include/types/ys/tdamage.h" />
		<Unit filename="include/types/ys/tflight.h" />
		<Unit filename="include/types/ys/tgound.h" />
		<Unit filename="include/types/ys/tground.h" />
		<Unit filename="include/types/ys/theader.h" />
		<Unit filename="include/types/ys/tint.h" />
		<Unit filename="include/types/ys/tleft.h" />
		<Unit filename="include/types/ys/tlogin.h" />
		<Unit filename="include/types/ys/tmap.h" />
		<Unit filename="include/types/ys/tmessage.h" />
		<Unit filename="include/types/ys/tmissileOpt.h" />
		<Unit filename="include/types/ys/tuserlist.h" />
		<Unit filename="include/types/ys/tweather.h" />
		<Unit filename="src/apps/activity_message.cpp" />
		<Unit filename="src/apps/apps.cpp" />
		<Unit filename="src/apps/ysclient.cpp" />
		<Unit filename="src/apps/ysclientActions.cpp" />
		<Unit filename="src/debug.cpp" />
		<Unit filename="src/main.cpp" />
		<Unit filename="src/serialization/ackowledge.cpp" />
		<Unit filename="src/serialization/airDisplayOpt.cpp" />
		<Unit filename="src/serialization/airList.cpp" />
		<Unit filename="src/serialization/damage.cpp" />
		<Unit filename="src/serialization/endianess.cpp" />
		<Unit filename="src/serialization/flight.cpp" />
		<Unit filename="src/serialization/ground.cpp" />
		<Unit filename="src/serialization/header.cpp" />
		<Unit filename="src/serialization/includeAll.cpp" />
		<Unit filename="src/serialization/int.cpp" />
		<Unit filename="src/serialization/left.cpp" />
		<Unit filename="src/serialization/login.cpp" />
		<Unit filename="src/serialization/map.cpp" />
		<Unit filename="src/serialization/message.cpp" />
		<Unit filename="src/serialization/missileOpt.cpp" />
		<Unit filename="src/serialization/unpack.cpp" />
		<Unit filename="src/serialization/userlist.cpp" />
		<Unit filename="src/serialization/weather.cpp" />
		<Unit filename="src/sockets/linux.cpp" />
		<Unit filename="src/sockets/socketYS.cpp" />
		<Unit filename="src/sockets/windows.cpp" />
		<Unit filename="src/stringarray.cpp" />
		<Unit filename="src/test.cpp" />
		<Unit filename="src/tests.cpp" />
		<Unit filename="src/types/includeall.cpp" />
		<Unit filename="src/types/stringarray.cpp" />
		<Unit filename="src/types/ys/airList.cpp" />
		<Unit filename="src/types/ys/includeAll.cpp" />
		<Unit filename="src/types/ys/login.cpp" />
		<Unit filename="src/types/ys/map.cpp" />
		<Unit filename="src/types/ys/missileOpt.cpp" />
		<Unit filename="src/types/ys/tacknowledge.cpp" />
		<Unit filename="src/types/ys/tairDisplayOpt.cpp" />
		<Unit filename="src/types/ys/tairList.cpp" />
		<Unit filename="src/types/ys/tdamage.cpp" />
		<Unit filename="src/types/ys/tflight.cpp" />
		<Unit filename="src/types/ys/tgound.cpp" />
		<Unit filename="src/types/ys/tground.cpp" />
		<Unit filename="src/types/ys/theader.cpp" />
		<Unit filename="src/types/ys/tint.cpp" />
		<Unit filename="src/types/ys/tleft.cpp" />
		<Unit filename="src/types/ys/tlogin.cpp" />
		<Unit filename="src/types/ys/tmap.cpp" />
		<Unit filename="src/types/ys/tmessage.cpp" />
		<Unit filename="src/types/ys/tmissileOpt.cpp" />
		<Unit filename="src/types/ys/tuserlist.cpp" />
		<Unit filename="src/types/ys/tweather.cpp" />
		<Extensions>
			<code_completion />
			<envvars />
			<debugger />
			<lib_finder disable_auto="1" />
		</Extensions>
	</Project>
</CodeBlocks_project_file>
